
Microsoft Visual Studio Solution File, Format Version 12.00
# Visual Studio 15
VisualStudioVersion = 15.0.28010.2026
MinimumVisualStudioVersion = 10.0.40219.1
Project("{F184B08F-C81C-45F6-A57F-5ABD9991F28F}") = "ET_EMS", "ET_EMS.vbproj", "{59722753-E49B-470B-A2D2-41AAAA3A8826}"
EndProject
Global
	GlobalSection(SolutionConfigurationPlatforms) = preSolution
		Debug|Any CPU = Debug|Any CPU
		Release|Any CPU = Release|Any CPU
	EndGlobalSection
	GlobalSection(ProjectConfigurationPlatforms) = postSolution
		{59722753-E49B-470B-A2D2-41AAAA3A8826}.Debug|Any CPU.ActiveCfg = Debug|Any CPU
		{59722753-E49B-470B-A2D2-41AAAA3A8826}.Debug|Any CPU.Build.0 = Debug|Any CPU
		{59722753-E49B-470B-A2D2-41AAAA3A8826}.Release|Any CPU.ActiveCfg = Release|Any CPU
		{59722753-E49B-470B-A2D2-41AAAA3A8826}.Release|Any CPU.Build.0 = Release|Any CPU
	EndGlobalSection
	GlobalSection(SolutionProperties) = preSolution
		HideSolutionNode = FALSE
	EndGlobalSection
	GlobalSection(ExtensibilityGlobals) = postSolution
		SolutionGuid = {5179767D-0C19-4CDA-AD36-42419E399871}
	EndGlobalSection
EndGlobal
